
Microsoft Visual Studio Solution File, Format Version 12.00
# Visual Studio Version 16
VisualStudioVersion = 16.0.31515.178
MinimumVisualStudioVersion = 10.0.40219.1
Project("{FAE04EC0-301F-11D3-BF4B-00C04F79EFBC}") = "Online-Store", "Online-Store\Online-Store.csproj", "{CCC1781C-5F13-4852-83CF-F3F3EA0A002A}"
EndProject
Global
	GlobalSection(SolutionConfigurationPlatforms) = preSolution
		Debug|Any CPU = Debug|Any CPU
		Release|Any CPU = Release|Any CPU
	EndGlobalSection
	GlobalSection(ProjectConfigurationPlatforms) = postSolution
		{CCC1781C-5F13-4852-83CF-F3F3EA0A002A}.Debug|Any CPU.ActiveCfg = Debug|Any CPU
		{CCC1781C-5F13-4852-83CF-F3F3EA0A002A}.Debug|Any CPU.Build.0 = Debug|Any CPU
		{CCC1781C-5F13-4852-83CF-F3F3EA0A002A}.Release|Any CPU.ActiveCfg = Release|Any CPU
		{CCC1781C-5F13-4852-83CF-F3F3EA0A002A}.Release|Any CPU.Build.0 = Release|Any CPU
	EndGlobalSection
	GlobalSection(SolutionProperties) = preSolution
		HideSolutionNode = FALSE
	EndGlobalSection
	GlobalSection(ExtensibilityGlobals) = postSolution
		SolutionGuid = {AF503420-EE7A-4716-9EF9-01E2ABA533BE}
	EndGlobalSection
EndGlobal
